# This file is automatically @generated by Cargo.
# It is not intended for manual editing.
version = 4

[[package]]
name = "flap"
version = "0.0.1"
dependencies = [
 "flap-emit-dart",
 "flap-ir",
 "flap-spec",
]

[[package]]
name = "flap-emit-dart"
version = "0.1.0"

[[package]]
name = "flap-ir"
version = "0.1.0"

[[package]]
name = "flap-spec"
version = "0.1.0"
